// !$*UTF8*$!
{
	archiveVersion = 1;
	classes = {
	};
	objectVersion = 55;
	objects = {

/* Begin PBXBuildFile section */
		44BB5A0128309C7E000D2FF9 /* AppDelegate.swift in Sources */ = {isa = PBXBuildFile; fileRef = 44BB5A0028309C7E000D2FF9 /* AppDelegate.swift */; };
		44BB5A0328309C7E000D2FF9 /* SceneDelegate.swift in Sources */ = {isa = PBXBuildFile; fileRef = 44BB5A0228309C7E000D2FF9 /* SceneDelegate.swift */; };
		44BB5A0528309C7E000D2FF9 /* ViewController.swift in Sources */ = {isa = PBXBuildFile; fileRef = 44BB5A0428309C7E000D2FF9 /* ViewController.swift */; };
		44BB5A0828309C7E000D2FF9 /* Main.storyboard in Resources */ = {isa = PBXBuildFile; fileRef = 44BB5A0628309C7E000D2FF9 /* Main.storyboard */; };
		44BB5A0A28309C88000D2FF9 /* Assets.xcassets in Resources */ = {isa = PBXBuildFile; fileRef = 44BB5A0928309C88000D2FF9 /* Assets.xcassets */; };
		44BB5A0D28309C88000D2FF9 /* LaunchScreen.storyboard in Resources */ = {isa = PBXBuildFile; fileRef = 44BB5A0B28309C88000D2FF9 /* LaunchScreen.storyboard */; };
		44BB5A1828309C89000D2FF9 /* You_Are_Awesome_Tests.swift in Sources */ = {isa = PBXBuildFile; fileRef = 44BB5A1728309C89000D2FF9 /* You_Are_Awesome_Tests.swift */; };
		44BB5A2228309C89000D2FF9 /* You_Are_Awesome_UITests.swift in Sources */ = {isa = PBXBuildFile; fileRef = 44BB5A2128309C89000D2FF9 /* You_Are_Awesome_UITests.swift */; };
		44BB5A2428309C89000D2FF9 /* You_Are_Awesome_UITestsLaunchTests.swift in Sources */ = {isa = PBXBuildFile; fileRef = 44BB5A2328309C89000D2FF9 /* You_Are_Awesome_UITestsLaunchTests.swift */; };
/* End PBXBuildFile section */

/* Begin PBXContainerItemProxy section */
		44BB5A1428309C89000D2FF9 /* PBXContainerItemProxy */ = {
			isa = PBXContainerItemProxy;
			containerPortal = 44BB59F528309C7D000D2FF9 /* Project object */;
			proxyType = 1;
			remoteGlobalIDString = 44BB59FC28309C7D000D2FF9;
			remoteInfo = "You Are Awesome!";
		};
		44BB5A1E28309C89000D2FF9 /* PBXContainerItemProxy */ = {
			isa = PBXContainerItemProxy;
			containerPortal = 44BB59F528309C7D000D2FF9 /* Project object */;
			proxyType = 1;
			remoteGlobalIDString = 44BB59FC28309C7D000D2FF9;
			remoteInfo = "You Are Awesome!";
		};
/* End PBXContainerItemProxy section */

/* Begin PBXFileReference section */
		44BB59FD28309C7E000D2FF9 /* You Are Awesome!.app */ = {isa = PBXFileReference; explicitFileType = wrapper.application; includeInIndex = 0; path = "You Are Awesome!.app"; sourceTree = BUILT_PRODUCTS_DIR; };
		44BB5A0028309C7E000D2FF9 /* AppDelegate.swift */ = {isa = PBXFileReference; lastKnownFileType = sourcecode.swift; path = AppDelegate.swift; sourceTree = "<group>"; };
		44BB5A0228309C7E000D2FF9 /* SceneDelegate.swift */ = {isa = PBXFileReference; lastKnownFileType = sourcecode.swift; path = SceneDelegate.swift; sourceTree = "<group>"; };
		44BB5A0428309C7E000D2FF9 /* ViewController.swift */ = {isa = PBXFileReference; lastKnownFileType = sourcecode.swift; path = ViewController.swift; sourceTree = "<group>"; };
		44BB5A0728309C7E000D2FF9 /* Base */ = {isa = PBXFileReference; lastKnownFileType = file.storyboard; name = Base; path = Base.lproj/Main.storyboard; sourceTree = "<group>"; };
		44BB5A0928309C88000D2FF9 /* Assets.xcassets */ = {isa = PBXFileReference; lastKnownFileType = folder.assetcatalog; path = Assets.xcassets; sourceTree = "<group>"; };
		44BB5A0C28309C88000D2FF9 /* Base */ = {isa = PBXFileReference; lastKnownFileType = file.storyboard; name = Base; path = Base.lproj/LaunchScreen.storyboard; sourceTree = "<group>"; };
		44BB5A0E28309C88000D2FF9 /* Info.plist */ = {isa = PBXFileReference; lastKnownFileType = text.plist.xml; path = Info.plist; sourceTree = "<group>"; };
		44BB5A1328309C89000D2FF9 /* You Are Awesome!Tests.xctest */ = {isa = PBXFileReference; explicitFileType = wrapper.cfbundle; includeInIndex = 0; path = "You Are Awesome!Tests.xctest"; sourceTree = BUILT_PRODUCTS_DIR; };
		44BB5A1728309C89000D2FF9 /* You_Are_Awesome_Tests.swift */ = {isa = PBXFileReference; lastKnownFileType = sourcecode.swift; path = You_Are_Awesome_Tests.swift; sourceTree = "<group>"; };
		44BB5A1D28309C89000D2FF9 /* You Are Awesome!UITests.xctest */ = {isa = PBXFileReference; explicitFileType = wrapper.cfbundle; includeInIndex = 0; path = "You Are Awesome!UITests.xctest"; sourceTree = BUILT_PRODUCTS_DIR; };
		44BB5A2128309C89000D2FF9 /* You_Are_Awesome_UITests.swift */ = {isa = PBXFileReference; lastKnownFileType = sourcecode.swift; path = You_Are_Awesome_UITests.swift; sourceTree = "<group>"; };
		44BB5A2328309C89000D2FF9 /* You_Are_Awesome_UITestsLaunchTests.swift */ = {isa = PBXFileReference; lastKnownFileType = sourcecode.swift; path = You_Are_Awesome_UITestsLaunchTests.swift; sourceTree = "<group>"; };
/* End PBXFileReference section */

/* Begin PBXFrameworksBuildPhase section */
		44BB59FA28309C7D000D2FF9 /* Frameworks */ = {
			isa = PBXFrameworksBuildPhase;
			buildActionMask = 2147483647;
			files = (
			);
			runOnlyForDeploymentPostprocessing = 0;
		};
		44BB5A1028309C89000D2FF9 /* Frameworks */ = {
			isa = PBXFrameworksBuildPhase;
			buildActionMask = 2147483647;
			files = (
			);
			runOnlyForDeploymentPostprocessing = 0;
		};
		44BB5A1A28309C89000D2FF9 /* Frameworks */ = {
			isa = PBXFrameworksBuildPhase;
			buildActionMask = 2147483647;
			files = (
			);
			runOnlyForDeploymentPostprocessing = 0;
		};
/* End PBXFrameworksBuildPhase section */

/* Begin PBXGroup section */
		44BB59F428309C7D000D2FF9 = {
			isa = PBXGroup;
			children = (
				44BB59FF28309C7E000D2FF9 /* You Are Awesome! */,
				44BB5A1628309C89000D2FF9 /* You Are Awesome!Tests */,
				44BB5A2028309C89000D2FF9 /* You Are Awesome!UITests */,
				44BB59FE28309C7E000D2FF9 /* Products */,
			);
			sourceTree = "<group>";
		};
		44BB59FE28309C7E000D2FF9 /* Products */ = {
			isa = PBXGroup;
			children = (
				44BB59FD28309C7E000D2FF9 /* You Are Awesome!.app */,
				44BB5A1328309C89000D2FF9 /* You Are Awesome!Tests.xctest */,
				44BB5A1D28309C89000D2FF9 /* You Are Awesome!UITests.xctest */,
			);
			name = Products;
			sourceTree = "<group>";
		};
		44BB59FF28309C7E000D2FF9 /* You Are Awesome! */ = {
			isa = PBXGroup;
			children = (
				44BB5A0028309C7E000D2FF9 /* AppDelegate.swift */,
				44BB5A0228309C7E000D2FF9 /* SceneDelegate.swift */,
				44BB5A0428309C7E000D2FF9 /* ViewController.swift */,
				44BB5A0628309C7E000D2FF9 /* Main.storyboard */,
				44BB5A0928309C88000D2FF9 /* Assets.xcassets */,
				44BB5A0B28309C88000D2FF9 /* LaunchScreen.storyboard */,
				44BB5A0E28309C88000D2FF9 /* Info.plist */,
			);
			path = "You Are Awesome!";
			sourceTree = "<group>";
		};
		44BB5A1628309C89000D2FF9 /* You Are Awesome!Tests */ = {
			isa = PBXGroup;
			children = (
				44BB5A1728309C89000D2FF9 /* You_Are_Awesome_Tests.swift */,
			);
			path = "You Are Awesome!Tests";
			sourceTree = "<group>";
		};
		44BB5A2028309C89000D2FF9 /* You Are Awesome!UITests */ = {
			isa = PBXGroup;
			children = (
				44BB5A2128309C89000D2FF9 /* You_Are_Awesome_UITests.swift */,
				44BB5A2328309C89000D2FF9 /* You_Are_Awesome_UITestsLaunchTests.swift */,
			);
			path = "You Are Awesome!UITests";
			sourceTree = "<group>";
		};
/* End PBXGroup section */

/* Begin PBXNativeTarget section */
		44BB59FC28309C7D000D2FF9 /* You Are Awesome! */ = {
			isa = PBXNativeTarget;
			buildConfigurationList = 44BB5A2728309C89000D2FF9 /* Build configuration list for PBXNativeTarget "You Are Awesome!" */;
			buildPhases = (
				44BB59F928309C7D000D2FF9 /* Sources */,
				44BB59FA28309C7D000D2FF9 /* Frameworks */,
				44BB59FB28309C7D000D2FF9 /* Resources */,
			);
			buildRules = (
			);
			dependencies = (
			);
			name = "You Are Awesome!";
			productName = "You Are Awesome!";
			productReference = 44BB59FD28309C7E000D2FF9 /* You Are Awesome!.app */;
			productType = "com.apple.product-type.application";
		};
		44BB5A1228309C89000D2FF9 /* You Are Awesome!Tests */ = {
			isa = PBXNativeTarget;
			buildConfigurationList = 44BB5A2A28309C89000D2FF9 /* Build configuration list for PBXNativeTarget "You Are Awesome!Tests" */;
			buildPhases = (
				44BB5A0F28309C89000D2FF9 /* Sources */,
				44BB5A1028309C89000D2FF9 /* Frameworks */,
				44BB5A1128309C89000D2FF9 /* Resources */,
			);
			buildRules = (
			);
			dependencies = (
				44BB5A1528309C89000D2FF9 /* PBXTargetDependency */,
			);
			name = "You Are Awesome!Tests";
			productName = "You Are Awesome!Tests";
			productReference = 44BB5A1328309C89000D2FF9 /* You Are Awesome!Tests.xctest */;
			productType = "com.apple.product-type.bundle.unit-test";
		};
		44BB5A1C28309C89000D2FF9 /* You Are Awesome!UITests */ = {
			isa = PBXNativeTarget;
			buildConfigurationList = 44BB5A2D28309C89000D2FF9 /* Build configuration list for PBXNativeTarget "You Are Awesome!UITests" */;
			buildPhases = (
				44BB5A1928309C89000D2FF9 /* Sources */,
				44BB5A1A28309C89000D2FF9 /* Frameworks */,
				44BB5A1B28309C89000D2FF9 /* Resources */,
			);
			buildRules = (
			);
			dependencies = (
				44BB5A1F28309C89000D2FF9 /* PBXTargetDependency */,
			);
			name = "You Are Awesome!UITests";
			productName = "You Are Awesome!UITests";
			productReference = 44BB5A1D28309C89000D2FF9 /* You Are Awesome!UITests.xctest */;
			productType = "com.apple.product-type.bundle.ui-testing";
		};
/* End PBXNativeTarget section */

/* Begin PBXProject section */
		44BB59F528309C7D000D2FF9 /* Project object */ = {
			isa = PBXProject;
			attributes = {
				BuildIndependentTargetsInParallel = 1;
				LastSwiftUpdateCheck = 1330;
				LastUpgradeCheck = 1330;
				TargetAttributes = {
					44BB59FC28309C7D000D2FF9 = {
						CreatedOnToolsVersion = 13.3.1;
					};
					44BB5A1228309C89000D2FF9 = {
						CreatedOnToolsVersion = 13.3.1;
						TestTargetID = 44BB59FC28309C7D000D2FF9;
					};
					44BB5A1C28309C89000D2FF9 = {
						CreatedOnToolsVersion = 13.3.1;
						TestTargetID = 44BB59FC28309C7D000D2FF9;
					};
				};
			};
			buildConfigurationList = 44BB59F828309C7D000D2FF9 /* Build configuration list for PBXProject "You Are Awesome!" */;
			compatibilityVersion = "Xcode 13.0";
			developmentRegion = en;
			hasScannedForEncodings = 0;
			knownRegions = (
				en,
				Base,
			);
			mainGroup = 44BB59F428309C7D000D2FF9;
			productRefGroup = 44BB59FE28309C7E000D2FF9 /* Products */;
			projectDirPath = "";
			projectRoot = "";
			targets = (
				44BB59FC28309C7D000D2FF9 /* You Are Awesome! */,
				44BB5A1228309C89000D2FF9 /* You Are Awesome!Tests */,
				44BB5A1C28309C89000D2FF9 /* You Are Awesome!UITests */,
			);
		};
/* End PBXProject section */

/* Begin PBXResourcesBuildPhase section */
		44BB59FB28309C7D000D2FF9 /* Resources */ = {
			isa = PBXResourcesBuildPhase;
			buildActionMask = 2147483647;
			files = (
				44BB5A0D28309C88000D2FF9 /* LaunchScreen.storyboard in Resources */,
				44BB5A0A28309C88000D2FF9 /* Assets.xcassets in Resources */,
				44BB5A0828309C7E000D2FF9 /* Main.storyboard in Resources */,
			);
			runOnlyForDeploymentPostprocessing = 0;
		};
		44BB5A1128309C89000D2FF9 /* Resources */ = {
			isa = PBXResourcesBuildPhase;
			buildActionMask = 2147483647;
			files = (
			);
			runOnlyForDeploymentPostprocessing = 0;
		};
		44BB5A1B28309C89000D2FF9 /* Resources */ = {
			isa = PBXResourcesBuildPhase;
			buildActionMask = 2147483647;
			files = (
			);
			runOnlyForDeploymentPostprocessing = 0;
		};
/* End PBXResourcesBuildPhase section */

/* Begin PBXSourcesBuildPhase section */
		44BB59F928309C7D000D2FF9 /* Sources */ = {
			isa = PBXSourcesBuildPhase;
			buildActionMask = 2147483647;
			files = (
				44BB5A0528309C7E000D2FF9 /* ViewController.swift in Sources */,
				44BB5A0128309C7E000D2FF9 /* AppDelegate.swift in Sources */,
				44BB5A0328309C7E000D2FF9 /* SceneDelegate.swift in Sources */,
			);
			runOnlyForDeploymentPostprocessing = 0;
		};
		44BB5A0F28309C89000D2FF9 /* Sources */ = {
			isa = PBXSourcesBuildPhase;
			buildActionMask = 2147483647;
			files = (
				44BB5A1828309C89000D2FF9 /* You_Are_Awesome_Tests.swift in Sources */,
			);
			runOnlyForDeploymentPostprocessing = 0;
		};
		44BB5A1928309C89000D2FF9 /* Sources */ = {
			isa = PBXSourcesBuildPhase;
			buildActionMask = 2147483647;
			files = (
				44BB5A2228309C89000D2FF9 /* You_Are_Awesome_UITests.swift in Sources */,
				44BB5A2428309C89000D2FF9 /* You_Are_Awesome_UITestsLaunchTests.swift in Sources */,
			);
			runOnlyForDeploymentPostprocessing = 0;
		};
/* End PBXSourcesBuildPhase section */

/* Begin PBXTargetDependency section */
		44BB5A1528309C89000D2FF9 /* PBXTargetDependency */ = {
			isa = PBXTargetDependency;
			target = 44BB59FC28309C7D000D2FF9 /* You Are Awesome! */;
			targetProxy = 44BB5A1428309C89000D2FF9 /* PBXContainerItemProxy */;
		};
		44BB5A1F28309C89000D2FF9 /* PBXTargetDependency */ = {
			isa = PBXTargetDependency;
			target = 44BB59FC28309C7D000D2FF9 /* You Are Awesome! */;
			targetProxy = 44BB5A1E28309C89000D2FF9 /* PBXContainerItemProxy */;
		};
/* End PBXTargetDependency section */

/* Begin PBXVariantGroup section */
		44BB5A0628309C7E000D2FF9 /* Main.storyboard */ = {
			isa = PBXVariantGroup;
			children = (
				44BB5A0728309C7E000D2FF9 /* Base */,
			);
			name = Main.storyboard;
			sourceTree = "<group>";
		};
		44BB5A0B28309C88000D2FF9 /* LaunchScreen.storyboard */ = {
			isa = PBXVariantGroup;
			children = (
				44BB5A0C28309C88000D2FF9 /* Base */,
			);
			name = LaunchScreen.storyboard;
			sourceTree = "<group>";
		};
/* End PBXVariantGroup section */

/* Begin XCBuildConfiguration section */
		44BB5A2528309C89000D2FF9 /* Debug */ = {
			isa = XCBuildConfiguration;
			buildSettings = {
				ALWAYS_SEARCH_USER_PATHS = NO;
				CLANG_ANALYZER_NONNULL = YES;
				CLANG_ANALYZER_NUMBER_OBJECT_CONVERSION = YES_AGGRESSIVE;
				CLANG_CXX_LANGUAGE_STANDARD = "gnu++17";
				CLANG_ENABLE_MODULES = YES;
				CLANG_ENABLE_OBJC_ARC = YES;
				CLANG_ENABLE_OBJC_WEAK = YES;
				CLANG_WARN_BLOCK_CAPTURE_AUTORELEASING = YES;
				CLANG_WARN_BOOL_CONVERSION = YES;
				CLANG_WARN_COMMA = YES;
				CLANG_WARN_CONSTANT_CONVERSION = YES;
				CLANG_WARN_DEPRECATED_OBJC_IMPLEMENTATIONS = YES;
				CLANG_WARN_DIRECT_OBJC_ISA_USAGE = YES_ERROR;
				CLANG_WARN_DOCUMENTATION_COMMENTS = YES;
				CLANG_WARN_EMPTY_BODY = YES;
				CLANG_WARN_ENUM_CONVERSION = YES;
				CLANG_WARN_INFINITE_RECURSION = YES;
				CLANG_WARN_INT_CONVERSION = YES;
				CLANG_WARN_NON_LITERAL_NULL_CONVERSION = YES;
				CLANG_WARN_OBJC_IMPLICIT_RETAIN_SELF = YES;
				CLANG_WARN_OBJC_LITERAL_CONVERSION = YES;
				CLANG_WARN_OBJC_ROOT_CLASS = YES_ERROR;
				CLANG_WARN_QUOTED_INCLUDE_IN_FRAMEWORK_HEADER = YES;
				CLANG_WARN_RANGE_LOOP_ANALYSIS = YES;
				CLANG_WARN_STRICT_PROTOTYPES = YES;
				CLANG_WARN_SUSPICIOUS_MOVE = YES;
				CLANG_WARN_UNGUARDED_AVAILABILITY = YES_AGGRESSIVE;
				CLANG_WARN_UNREACHABLE_CODE = YES;
				CLANG_WARN__DUPLICATE_METHOD_MATCH = YES;
				COPY_PHASE_STRIP = NO;
				DEBUG_INFORMATION_FORMAT = dwarf;
				ENABLE_STRICT_OBJC_MSGSEND = YES;
				ENABLE_TESTABILITY = YES;
				GCC_C_LANGUAGE_STANDARD = gnu11;
				GCC_DYNAMIC_NO_PIC = NO;
				GCC_NO_COMMON_BLOCKS = YES;
				GCC_OPTIMIZATION_LEVEL = 0;
				GCC_PREPROCESSOR_DEFINITIONS = (
					"DEBUG=1",
					"$(inherited)",
				);
				GCC_WARN_64_TO_32_BIT_CONVERSION = YES;
				GCC_WARN_ABOUT_RETURN_TYPE = YES_ERROR;
				GCC_WARN_UNDECLARED_SELECTOR = YES;
				GCC_WARN_UNINITIALIZED_AUTOS = YES_AGGRESSIVE;
				GCC_WARN_UNUSED_FUNCTION = YES;
				GCC_WARN_UNUSED_VARIABLE = YES;
				IPHONEOS_DEPLOYMENT_TARGET = 15.4;
				MTL_ENABLE_DEBUG_INFO = INCLUDE_SOURCE;
				MTL_FAST_MATH = YES;
				ONLY_ACTIVE_ARCH = YES;
				SDKROOT = iphoneos;
				SWIFT_ACTIVE_COMPILATION_CONDITIONS = DEBUG;
				SWIFT_OPTIMIZATION_LEVEL = "-Onone";
			};
			name = Debug;
		};
		44BB5A2628309C89000D2FF9 /* Release */ = {
			isa = XCBuildConfiguration;
			buildSettings = {
				ALWAYS_SEARCH_USER_PATHS = NO;
				CLANG_ANALYZER_NONNULL = YES;
				CLANG_ANALYZER_NUMBER_OBJECT_CONVERSION = YES_AGGRESSIVE;
				CLANG_CXX_LANGUAGE_STANDARD = "gnu++17";
				CLANG_ENABLE_MODULES = YES;
				CLANG_ENABLE_OBJC_ARC = YES;
				CLANG_ENABLE_OBJC_WEAK = YES;
				CLANG_WARN_BLOCK_CAPTURE_AUTORELEASING = YES;
				CLANG_WARN_BOOL_CONVERSION = YES;
				CLANG_WARN_COMMA = YES;
				CLANG_WARN_CONSTANT_CONVERSION = YES;
				CLANG_WARN_DEPRECATED_OBJC_IMPLEMENTATIONS = YES;
				CLANG_WARN_DIRECT_OBJC_ISA_USAGE = YES_ERROR;
				CLANG_WARN_DOCUMENTATION_COMMENTS = YES;
				CLANG_WARN_EMPTY_BODY = YES;
				CLANG_WARN_ENUM_CONVERSION = YES;
				CLANG_WARN_INFINITE_RECURSION = YES;
				CLANG_WARN_INT_CONVERSION = YES;
				CLANG_WARN_NON_LITERAL_NULL_CONVERSION = YES;
				CLANG_WARN_OBJC_IMPLICIT_RETAIN_SELF = YES;
				CLANG_WARN_OBJC_LITERAL_CONVERSION = YES;
				CLANG_WARN_OBJC_ROOT_CLASS = YES_ERROR;
				CLANG_WARN_QUOTED_INCLUDE_IN_FRAMEWORK_HEADER = YES;
				CLANG_WARN_RANGE_LOOP_ANALYSIS = YES;
				CLANG_WARN_STRICT_PROTOTYPES = YES;
				CLANG_WARN_SUSPICIOUS_MOVE = YES;
				CLANG_WARN_UNGUARDED_AVAILABILITY = YES_AGGRESSIVE;
				CLANG_WARN_UNREACHABLE_CODE = YES;
				CLANG_WARN__DUPLICATE_METHOD_MATCH = YES;
				COPY_PHASE_STRIP = NO;
				DEBUG_INFORMATION_FORMAT = "dwarf-with-dsym";
				ENABLE_NS_ASSERTIONS = NO;
				ENABLE_STRICT_OBJC_MSGSEND = YES;
				GCC_C_LANGUAGE_STANDARD = gnu11;
				GCC_NO_COMMON_BLOCKS = YES;
				GCC_WARN_64_TO_32_BIT_CONVERSION = YES;
				GCC_WARN_ABOUT_RETURN_TYPE = YES_ERROR;
				GCC_WARN_UNDECLARED_SELECTOR = YES;
				GCC_WARN_UNINITIALIZED_AUTOS = YES_AGGRESSIVE;
				GCC_WARN_UNUSED_FUNCTION = YES;
				GCC_WARN_UNUSED_VARIABLE = YES;
				IPHONEOS_DEPLOYMENT_TARGET = 15.4;
				MTL_ENABLE_DEBUG_INFO = NO;
				MTL_FAST_MATH = YES;
				SDKROOT = iphoneos;
				SWIFT_COMPILATION_MODE = wholemodule;
				SWIFT_OPTIMIZATION_LEVEL = "-O";
				VALIDATE_PRODUCT = YES;
			};
			name = Release;
		};
		44BB5A2828309C89000D2FF9 /* Debug */ = {
			isa = XCBuildConfiguration;
			buildSettings = {
				ASSETCATALOG_COMPILER_APPICON_NAME = AppIcon;
				ASSETCATALOG_COMPILER_GLOBAL_ACCENT_COLOR_NAME = AccentColor;
				CODE_SIGN_STYLE = Automatic;
				CURRENT_PROJECT_VERSION = 1;
				DEVELOPMENT_TEAM = QQRVY5H37J;
				GENERATE_INFOPLIST_FILE = YES;
				INFOPLIST_FILE = "You Are Awesome!/Info.plist";
				INFOPLIST_KEY_UIApplicationSupportsIndirectInputEvents = YES;
				INFOPLIST_KEY_UILaunchStoryboardName = LaunchScreen;
				INFOPLIST_KEY_UIMainStoryboardFile = Main;
				INFOPLIST_KEY_UISupportedInterfaceOrientations_iPad = "UIInterfaceOrientationPortrait UIInterfaceOrientationPortraitUpsideDown UIInterfaceOrientationLandscapeLeft UIInterfaceOrientationLandscapeRight";
				INFOPLIST_KEY_UISupportedInterfaceOrientations_iPhone = "UIInterfaceOrientationPortrait UIInterfaceOrientationLandscapeLeft UIInterfaceOrientationLandscapeRight";
				LD_RUNPATH_SEARCH_PATHS = (
					"$(inherited)",
					"@executable_path/Frameworks",
				);
				MARKETING_VERSION = 1.0;
				PRODUCT_BUNDLE_IDENTIFIER = "com.jessop.You-Are-Awesome-";
				PRODUCT_NAME = "$(TARGET_NAME)";
				SWIFT_EMIT_LOC_STRINGS = YES;
				SWIFT_VERSION = 5.0;
				TARGETED_DEVICE_FAMILY = "1,2";
			};
			name = Debug;
		};
		44BB5A2928309C89000D2FF9 /* Release */ = {
			isa = XCBuildConfiguration;
			buildSettings = {
				ASSETCATALOG_COMPILER_APPICON_NAME = AppIcon;
				ASSETCATALOG_COMPILER_GLOBAL_ACCENT_COLOR_NAME = AccentColor;
				CODE_SIGN_STYLE = Automatic;
				CURRENT_PROJECT_VERSION = 1;
				DEVELOPMENT_TEAM = QQRVY5H37J;
				GENERATE_INFOPLIST_FILE = YES;
				INFOPLIST_FILE = "You Are Awesome!/Info.plist";
				INFOPLIST_KEY_UIApplicationSupportsIndirectInputEvents = YES;
				INFOPLIST_KEY_UILaunchStoryboardName = LaunchScreen;
				INFOPLIST_KEY_UIMainStoryboardFile = Main;
				INFOPLIST_KEY_UISupportedInterfaceOrientations_iPad = "UIInterfaceOrientationPortrait UIInterfaceOrientationPortraitUpsideDown UIInterfaceOrientationLandscapeLeft UIInterfaceOrientationLandscapeRight";
				INFOPLIST_KEY_UISupportedInterfaceOrientations_iPhone = "UIInterfaceOrientationPortrait UIInterfaceOrientationLandscapeLeft UIInterfaceOrientationLandscapeRight";
				LD_RUNPATH_SEARCH_PATHS = (
					"$(inherited)",
					"@executable_path/Frameworks",
				);
				MARKETING_VERSION = 1.0;
				PRODUCT_BUNDLE_IDENTIFIER = "com.jessop.You-Are-Awesome-";
				PRODUCT_NAME = "$(TARGET_NAME)";
				SWIFT_EMIT_LOC_STRINGS = YES;
				SWIFT_VERSION = 5.0;
				TARGETED_DEVICE_FAMILY = "1,2";
			};
			name = Release;
		};
		44BB5A2B28309C89000D2FF9 /* Debug */ = {
			isa = XCBuildConfiguration;
			buildSettings = {
				ALWAYS_EMBED_SWIFT_STANDARD_LIBRARIES = YES;
				BUNDLE_LOADER = "$(TEST_HOST)";
				CODE_SIGN_STYLE = Automatic;
				CURRENT_PROJECT_VERSION = 1;
				DEVELOPMENT_TEAM = QQRVY5H37J;
				GENERATE_INFOPLIST_FILE = YES;
				IPHONEOS_DEPLOYMENT_TARGET = 15.4;
				MARKETING_VERSION = 1.0;
				PRODUCT_BUNDLE_IDENTIFIER = "com.jessop.You-Are-Awesome-Tests";
				PRODUCT_NAME = "$(TARGET_NAME)";
				SWIFT_EMIT_LOC_STRINGS = NO;
				SWIFT_VERSION = 5.0;
				TARGETED_DEVICE_FAMILY = "1,2";
				TEST_HOST = "$(BUILT_PRODUCTS_DIR)/You Are Awesome!.app/You Are Awesome!";
			};
			name = Debug;
		};
		44BB5A2C28309C89000D2FF9 /* Release */ = {
			isa = XCBuildConfiguration;
			buildSettings = {
				ALWAYS_EMBED_SWIFT_STANDARD_LIBRARIES = YES;
				BUNDLE_LOADER = "$(TEST_HOST)";
				CODE_SIGN_STYLE = Automatic;
				CURRENT_PROJECT_VERSION = 1;
				DEVELOPMENT_TEAM = QQRVY5H37J;
				GENERATE_INFOPLIST_FILE = YES;
				IPHONEOS_DEPLOYMENT_TARGET = 15.4;
				MARKETING_VERSION = 1.0;
				PRODUCT_BUNDLE_IDENTIFIER = "com.jessop.You-Are-Awesome-Tests";
				PRODUCT_NAME = "$(TARGET_NAME)";
				SWIFT_EMIT_LOC_STRINGS = NO;
				SWIFT_VERSION = 5.0;
				TARGETED_DEVICE_FAMILY = "1,2";
				TEST_HOST = "$(BUILT_PRODUCTS_DIR)/You Are Awesome!.app/You Are Awesome!";
			};
			name = Release;
		};
		44BB5A2E28309C89000D2FF9 /* Debug */ = {
			isa = XCBuildConfiguration;
			buildSettings = {
				ALWAYS_EMBED_SWIFT_STANDARD_LIBRARIES = YES;
				CODE_SIGN_STYLE = Automatic;
				CURRENT_PROJECT_VERSION = 1;
				DEVELOPMENT_TEAM = QQRVY5H37J;
				GENERATE_INFOPLIST_FILE = YES;
				MARKETING_VERSION = 1.0;
				PRODUCT_BUNDLE_IDENTIFIER = "com.jessop.You-Are-Awesome-UITests";
				PRODUCT_NAME = "$(TARGET_NAME)";
				SWIFT_EMIT_LOC_STRINGS = NO;
				SWIFT_VERSION = 5.0;
				TARGETED_DEVICE_FAMILY = "1,2";
				TEST_TARGET_NAME = "You Are Awesome!";
			};
			name = Debug;
		};
		44BB5A2F28309C89000D2FF9 /* Release */ = {
			isa = XCBuildConfiguration;
			buildSettings = {
				ALWAYS_EMBED_SWIFT_STANDARD_LIBRARIES = YES;
				CODE_SIGN_STYLE = Automatic;
				CURRENT_PROJECT_VERSION = 1;
				DEVELOPMENT_TEAM = QQRVY5H37J;
				GENERATE_INFOPLIST_FILE = YES;
				MARKETING_VERSION = 1.0;
				PRODUCT_BUNDLE_IDENTIFIER = "com.jessop.You-Are-Awesome-UITests";
				PRODUCT_NAME = "$(TARGET_NAME)";
				SWIFT_EMIT_LOC_STRINGS = NO;
				SWIFT_VERSION = 5.0;
				TARGETED_DEVICE_FAMILY = "1,2";
				TEST_TARGET_NAME = "You Are Awesome!";
			};
			name = Release;
		};
/* End XCBuildConfiguration section */

/* Begin XCConfigurationList section */
		44BB59F828309C7D000D2FF9 /* Build configuration list for PBXProject "You Are Awesome!" */ = {
			isa = XCConfigurationList;
			buildConfigurations = (
				44BB5A2528309C89000D2FF9 /* Debug */,
				44BB5A2628309C89000D2FF9 /* Release */,
			);
			defaultConfigurationIsVisible = 0;
			defaultConfigurationName = Release;
		};
		44BB5A2728309C89000D2FF9 /* Build configuration list for PBXNativeTarget "You Are Awesome!" */ = {
			isa = XCConfigurationList;
			buildConfigurations = (
				44BB5A2828309C89000D2FF9 /* Debug */,
				44BB5A2928309C89000D2FF9 /* Release */,
			);
			defaultConfigurationIsVisible = 0;
			defaultConfigurationName = Release;
		};
		44BB5A2A28309C89000D2FF9 /* Build configuration list for PBXNativeTarget "You Are Awesome!Tests" */ = {
			isa = XCConfigurationList;
			buildConfigurations = (
				44BB5A2B28309C89000D2FF9 /* Debug */,
				44BB5A2C28309C89000D2FF9 /* Release */,
			);
			defaultConfigurationIsVisible = 0;
			defaultConfigurationName = Release;
		};
		44BB5A2D28309C89000D2FF9 /* Build configuration list for PBXNativeTarget "You Are Awesome!UITests" */ = {
			isa = XCConfigurationList;
			buildConfigurations = (
				44BB5A2E28309C89000D2FF9 /* Debug */,
				44BB5A2F28309C89000D2FF9 /* Release */,
			);
			defaultConfigurationIsVisible = 0;
			defaultConfigurationName = Release;
		};
/* End XCConfigurationList section */
	};
	rootObject = 44BB59F528309C7D000D2FF9 /* Project object */;
}
